
Microsoft Visual Studio Solution File, Format Version 12.00
# Visual Studio Version 17
VisualStudioVersion = 17.4.33213.308
MinimumVisualStudioVersion = 10.0.40219.1
Project("{888888A0-9F3D-457C-B088-3A5042F75D52}") = "PDFCutDINA4", "PDFCutDINA4\PDFCutDINA4.pyproj", "{F9A8FA8C-27CA-48AA-BCFA-CE2A48C67401}"
EndProject
Global
	GlobalSection(SolutionConfigurationPlatforms) = preSolution
		Debug|Any CPU = Debug|Any CPU
		Release|Any CPU = Release|Any CPU
	EndGlobalSection
	GlobalSection(ProjectConfigurationPlatforms) = postSolution
		{F9A8FA8C-27CA-48AA-BCFA-CE2A48C67401}.Debug|Any CPU.ActiveCfg = Debug|Any CPU
		{F9A8FA8C-27CA-48AA-BCFA-CE2A48C67401}.Release|Any CPU.ActiveCfg = Release|Any CPU
	EndGlobalSection
	GlobalSection(SolutionProperties) = preSolution
		HideSolutionNode = FALSE
	EndGlobalSection
	GlobalSection(ExtensibilityGlobals) = postSolution
		SolutionGuid = {87A36B31-CB35-4CCE-85D6-1245D5B92068}
	EndGlobalSection
EndGlobal
